
Microsoft Visual Studio Solution File, Format Version 10.00
# Visual Studio 2008
Project("{8BC9CEB8-8B4A-11D0-8D11-00A0C91BC942}") = "class_inheritance", "class_inheritance\class_inheritance.vcproj", "{A615B5C4-5F03-4310-8B25-B146272C2572}"
EndProject
Global
	GlobalSection(SolutionConfigurationPlatforms) = preSolution
		Debug|Win32 = Debug|Win32
		Release|Win32 = Release|Win32
	EndGlobalSection
	GlobalSection(ProjectConfigurationPlatforms) = postSolution
		{A615B5C4-5F03-4310-8B25-B146272C2572}.Debug|Win32.ActiveCfg = Debug|Win32
		{A615B5C4-5F03-4310-8B25-B146272C2572}.Debug|Win32.Build.0 = Debug|Win32
		{A615B5C4-5F03-4310-8B25-B146272C2572}.Release|Win32.ActiveCfg = Release|Win32
		{A615B5C4-5F03-4310-8B25-B146272C2572}.Release|Win32.Build.0 = Release|Win32
	EndGlobalSection
	GlobalSection(SolutionProperties) = preSolution
		HideSolutionNode = FALSE
	EndGlobalSection
EndGlobal
