// !$*UTF8*$!
{
	archiveVersion = 1;
	classes = {
	};
	objectVersion = 46;
	objects = {

/* Begin PBXBuildFile section */
		7B856B2D1ADA916E00B72DE9 /* main.cpp in Sources */ = {isa = PBXBuildFile; fileRef = 7B856B2C1ADA916E00B72DE9 /* main.cpp */; };
		7B856B301ADAAFA800B72DE9 /* Test_MyTemp.cpp in Sources */ = {isa = PBXBuildFile; fileRef = 7B856B2F1ADAAFA800B72DE9 /* Test_MyTemp.cpp */; };
		7B856B341ADAB8CC00B72DE9 /* Test.cpp in Sources */ = {isa = PBXBuildFile; fileRef = 7B856B331ADAB8CC00B72DE9 /* Test.cpp */; };
		7BD8BED01ADD7A3000F50E54 /* Date.cpp in Sources */ = {isa = PBXBuildFile; fileRef = 7BD8BECE1ADD7A3000F50E54 /* Date.cpp */; };
		7BD8BED31ADD7A8A00F50E54 /* PDate.cpp in Sources */ = {isa = PBXBuildFile; fileRef = 7BD8BED11ADD7A8A00F50E54 /* PDate.cpp */; };
		7BF494FD1ADACD9D006118F6 /* Test_BArray.cpp in Sources */ = {isa = PBXBuildFile; fileRef = 7BF494FC1ADACD9D006118F6 /* Test_BArray.cpp */; };
/* End PBXBuildFile section */

/* Begin PBXCopyFilesBuildPhase section */
		7B856B201ADA8FA600B72DE9 /* CopyFiles */ = {
			isa = PBXCopyFilesBuildPhase;
			buildActionMask = 2147483647;
			dstPath = /usr/share/man/man1/;
			dstSubfolderSpec = 0;
			files = (
			);
			runOnlyForDeploymentPostprocessing = 1;
		};
/* End PBXCopyFilesBuildPhase section */

/* Begin PBXFileReference section */
		7B856B221ADA8FA600B72DE9 /* class_function_template */ = {isa = PBXFileReference; explicitFileType = "compiled.mach-o.executable"; includeInIndex = 0; path = class_function_template; sourceTree = BUILT_PRODUCTS_DIR; };
		7B856B2C1ADA916E00B72DE9 /* main.cpp */ = {isa = PBXFileReference; fileEncoding = 4; lastKnownFileType = sourcecode.cpp.cpp; path = main.cpp; sourceTree = "<group>"; };
		7B856B2E1ADAAD3000B72DE9 /* MyTemp.h */ = {isa = PBXFileReference; lastKnownFileType = sourcecode.c.h; path = MyTemp.h; sourceTree = "<group>"; };
		7B856B2F1ADAAFA800B72DE9 /* Test_MyTemp.cpp */ = {isa = PBXFileReference; fileEncoding = 4; lastKnownFileType = sourcecode.cpp.cpp; path = Test_MyTemp.cpp; sourceTree = "<group>"; };
		7B856B311ADAB7BB00B72DE9 /* Test_MyTemp.h */ = {isa = PBXFileReference; lastKnownFileType = sourcecode.c.h; path = Test_MyTemp.h; sourceTree = "<group>"; };
		7B856B321ADAB8BA00B72DE9 /* Test.h */ = {isa = PBXFileReference; lastKnownFileType = sourcecode.c.h; path = Test.h; sourceTree = "<group>"; };
		7B856B331ADAB8CC00B72DE9 /* Test.cpp */ = {isa = PBXFileReference; fileEncoding = 4; lastKnownFileType = sourcecode.cpp.cpp; path = Test.cpp; sourceTree = "<group>"; };
		7BD8BECE1ADD7A3000F50E54 /* Date.cpp */ = {isa = PBXFileReference; fileEncoding = 4; lastKnownFileType = sourcecode.cpp.cpp; path = Date.cpp; sourceTree = "<group>"; };
		7BD8BECF1ADD7A3000F50E54 /* Date.h */ = {isa = PBXFileReference; fileEncoding = 4; lastKnownFileType = sourcecode.c.h; path = Date.h; sourceTree = "<group>"; };
		7BD8BED11ADD7A8A00F50E54 /* PDate.cpp */ = {isa = PBXFileReference; fileEncoding = 4; lastKnownFileType = sourcecode.cpp.cpp; path = PDate.cpp; sourceTree = "<group>"; };
		7BD8BED21ADD7A8A00F50E54 /* PDate.h */ = {isa = PBXFileReference; fileEncoding = 4; lastKnownFileType = sourcecode.c.h; path = PDate.h; sourceTree = "<group>"; };
		7BF494FB1ADACB9D006118F6 /* barray.h */ = {isa = PBXFileReference; lastKnownFileType = sourcecode.c.h; path = barray.h; sourceTree = "<group>"; };
		7BF494FC1ADACD9D006118F6 /* Test_BArray.cpp */ = {isa = PBXFileReference; fileEncoding = 4; lastKnownFileType = sourcecode.cpp.cpp; path = Test_BArray.cpp; sourceTree = "<group>"; };
		7BF494FE1ADACDAF006118F6 /* Test_BArray.h */ = {isa = PBXFileReference; lastKnownFileType = sourcecode.c.h; path = Test_BArray.h; sourceTree = "<group>"; };
/* End PBXFileReference section */

/* Begin PBXFrameworksBuildPhase section */
		7B856B1F1ADA8FA600B72DE9 /* Frameworks */ = {
			isa = PBXFrameworksBuildPhase;
			buildActionMask = 2147483647;
			files = (
			);
			runOnlyForDeploymentPostprocessing = 0;
		};
/* End PBXFrameworksBuildPhase section */

/* Begin PBXGroup section */
		7B856B191ADA8FA600B72DE9 = {
			isa = PBXGroup;
			children = (
				7B856B241ADA8FA600B72DE9 /* class_function_template */,
				7B856B231ADA8FA600B72DE9 /* Products */,
			);
			sourceTree = "<group>";
		};
		7B856B231ADA8FA600B72DE9 /* Products */ = {
			isa = PBXGroup;
			children = (
				7B856B221ADA8FA600B72DE9 /* class_function_template */,
			);
			name = Products;
			sourceTree = "<group>";
		};
		7B856B241ADA8FA600B72DE9 /* class_function_template */ = {
			isa = PBXGroup;
			children = (
				7B856B2C1ADA916E00B72DE9 /* main.cpp */,
				7B856B2E1ADAAD3000B72DE9 /* MyTemp.h */,
				7B856B2F1ADAAFA800B72DE9 /* Test_MyTemp.cpp */,
				7B856B311ADAB7BB00B72DE9 /* Test_MyTemp.h */,
				7B856B321ADAB8BA00B72DE9 /* Test.h */,
				7B856B331ADAB8CC00B72DE9 /* Test.cpp */,
				7BF494FB1ADACB9D006118F6 /* barray.h */,
				7BF494FC1ADACD9D006118F6 /* Test_BArray.cpp */,
				7BF494FE1ADACDAF006118F6 /* Test_BArray.h */,
				7BD8BECE1ADD7A3000F50E54 /* Date.cpp */,
				7BD8BECF1ADD7A3000F50E54 /* Date.h */,
				7BD8BED11ADD7A8A00F50E54 /* PDate.cpp */,
				7BD8BED21ADD7A8A00F50E54 /* PDate.h */,
			);
			path = class_function_template;
			sourceTree = "<group>";
		};
/* End PBXGroup section */

/* Begin PBXNativeTarget section */
		7B856B211ADA8FA600B72DE9 /* class_function_template */ = {
			isa = PBXNativeTarget;
			buildConfigurationList = 7B856B291ADA8FA600B72DE9 /* Build configuration list for PBXNativeTarget "class_function_template" */;
			buildPhases = (
				7B856B1E1ADA8FA600B72DE9 /* Sources */,
				7B856B1F1ADA8FA600B72DE9 /* Frameworks */,
				7B856B201ADA8FA600B72DE9 /* CopyFiles */,
			);
			buildRules = (
			);
			dependencies = (
			);
			name = class_function_template;
			productName = class_function_template;
			productReference = 7B856B221ADA8FA600B72DE9 /* class_function_template */;
			productType = "com.apple.product-type.tool";
		};
/* End PBXNativeTarget section */

/* Begin PBXProject section */
		7B856B1A1ADA8FA600B72DE9 /* Project object */ = {
			isa = PBXProject;
			attributes = {
				LastUpgradeCheck = 0630;
				ORGANIZATIONNAME = "Frédérick Hsu";
				TargetAttributes = {
					7B856B211ADA8FA600B72DE9 = {
						CreatedOnToolsVersion = 6.3;
					};
				};
			};
			buildConfigurationList = 7B856B1D1ADA8FA600B72DE9 /* Build configuration list for PBXProject "class_function_template" */;
			compatibilityVersion = "Xcode 3.2";
			developmentRegion = English;
			hasScannedForEncodings = 0;
			knownRegions = (
				en,
			);
			mainGroup = 7B856B191ADA8FA600B72DE9;
			productRefGroup = 7B856B231ADA8FA600B72DE9 /* Products */;
			projectDirPath = "";
			projectRoot = "";
			targets = (
				7B856B211ADA8FA600B72DE9 /* class_function_template */,
			);
		};
/* End PBXProject section */

/* Begin PBXSourcesBuildPhase section */
		7B856B1E1ADA8FA600B72DE9 /* Sources */ = {
			isa = PBXSourcesBuildPhase;
			buildActionMask = 2147483647;
			files = (
				7BF494FD1ADACD9D006118F6 /* Test_BArray.cpp in Sources */,
				7B856B341ADAB8CC00B72DE9 /* Test.cpp in Sources */,
				7B856B2D1ADA916E00B72DE9 /* main.cpp in Sources */,
				7B856B301ADAAFA800B72DE9 /* Test_MyTemp.cpp in Sources */,
				7BD8BED31ADD7A8A00F50E54 /* PDate.cpp in Sources */,
				7BD8BED01ADD7A3000F50E54 /* Date.cpp in Sources */,
			);
			runOnlyForDeploymentPostprocessing = 0;
		};
/* End PBXSourcesBuildPhase section */

/* Begin XCBuildConfiguration section */
		7B856B271ADA8FA600B72DE9 /* Debug */ = {
			isa = XCBuildConfiguration;
			buildSettings = {
				ALWAYS_SEARCH_USER_PATHS = NO;
				CLANG_CXX_LANGUAGE_STANDARD = "gnu++0x";
				CLANG_CXX_LIBRARY = "libc++";
				CLANG_ENABLE_MODULES = YES;
				CLANG_ENABLE_OBJC_ARC = YES;
				CLANG_WARN_BOOL_CONVERSION = YES;
				CLANG_WARN_CONSTANT_CONVERSION = YES;
				CLANG_WARN_DIRECT_OBJC_ISA_USAGE = YES_ERROR;
				CLANG_WARN_EMPTY_BODY = YES;
				CLANG_WARN_ENUM_CONVERSION = YES;
				CLANG_WARN_INT_CONVERSION = YES;
				CLANG_WARN_OBJC_ROOT_CLASS = YES_ERROR;
				CLANG_WARN_UNREACHABLE_CODE = YES;
				CLANG_WARN__DUPLICATE_METHOD_MATCH = YES;
				COPY_PHASE_STRIP = NO;
				DEBUG_INFORMATION_FORMAT = dwarf;
				ENABLE_STRICT_OBJC_MSGSEND = YES;
				GCC_C_LANGUAGE_STANDARD = gnu99;
				GCC_DYNAMIC_NO_PIC = NO;
				GCC_NO_COMMON_BLOCKS = YES;
				GCC_OPTIMIZATION_LEVEL = 0;
				GCC_PREPROCESSOR_DEFINITIONS = (
					"DEBUG=1",
					"$(inherited)",
				);
				GCC_SYMBOLS_PRIVATE_EXTERN = NO;
				GCC_WARN_64_TO_32_BIT_CONVERSION = YES;
				GCC_WARN_ABOUT_RETURN_TYPE = YES_ERROR;
				GCC_WARN_UNDECLARED_SELECTOR = YES;
				GCC_WARN_UNINITIALIZED_AUTOS = YES_AGGRESSIVE;
				GCC_WARN_UNUSED_FUNCTION = YES;
				GCC_WARN_UNUSED_VARIABLE = YES;
				MACOSX_DEPLOYMENT_TARGET = 10.10;
				MTL_ENABLE_DEBUG_INFO = YES;
				ONLY_ACTIVE_ARCH = YES;
				SDKROOT = macosx;
			};
			name = Debug;
		};
		7B856B281ADA8FA600B72DE9 /* Release */ = {
			isa = XCBuildConfiguration;
			buildSettings = {
				ALWAYS_SEARCH_USER_PATHS = NO;
				CLANG_CXX_LANGUAGE_STANDARD = "gnu++0x";
				CLANG_CXX_LIBRARY = "libc++";
				CLANG_ENABLE_MODULES = YES;
				CLANG_ENABLE_OBJC_ARC = YES;
				CLANG_WARN_BOOL_CONVERSION = YES;
				CLANG_WARN_CONSTANT_CONVERSION = YES;
				CLANG_WARN_DIRECT_OBJC_ISA_USAGE = YES_ERROR;
				CLANG_WARN_EMPTY_BODY = YES;
				CLANG_WARN_ENUM_CONVERSION = YES;
				CLANG_WARN_INT_CONVERSION = YES;
				CLANG_WARN_OBJC_ROOT_CLASS = YES_ERROR;
				CLANG_WARN_UNREACHABLE_CODE = YES;
				CLANG_WARN__DUPLICATE_METHOD_MATCH = YES;
				COPY_PHASE_STRIP = NO;
				DEBUG_INFORMATION_FORMAT = "dwarf-with-dsym";
				ENABLE_NS_ASSERTIONS = NO;
				ENABLE_STRICT_OBJC_MSGSEND = YES;
				GCC_C_LANGUAGE_STANDARD = gnu99;
				GCC_NO_COMMON_BLOCKS = YES;
				GCC_WARN_64_TO_32_BIT_CONVERSION = YES;
				GCC_WARN_ABOUT_RETURN_TYPE = YES_ERROR;
				GCC_WARN_UNDECLARED_SELECTOR = YES;
				GCC_WARN_UNINITIALIZED_AUTOS = YES_AGGRESSIVE;
				GCC_WARN_UNUSED_FUNCTION = YES;
				GCC_WARN_UNUSED_VARIABLE = YES;
				MACOSX_DEPLOYMENT_TARGET = 10.10;
				MTL_ENABLE_DEBUG_INFO = NO;
				SDKROOT = macosx;
			};
			name = Release;
		};
		7B856B2A1ADA8FA600B72DE9 /* Debug */ = {
			isa = XCBuildConfiguration;
			buildSettings = {
				PRODUCT_NAME = "$(TARGET_NAME)";
			};
			name = Debug;
		};
		7B856B2B1ADA8FA600B72DE9 /* Release */ = {
			isa = XCBuildConfiguration;
			buildSettings = {
				PRODUCT_NAME = "$(TARGET_NAME)";
			};
			name = Release;
		};
/* End XCBuildConfiguration section */

/* Begin XCConfigurationList section */
		7B856B1D1ADA8FA600B72DE9 /* Build configuration list for PBXProject "class_function_template" */ = {
			isa = XCConfigurationList;
			buildConfigurations = (
				7B856B271ADA8FA600B72DE9 /* Debug */,
				7B856B281ADA8FA600B72DE9 /* Release */,
			);
			defaultConfigurationIsVisible = 0;
			defaultConfigurationName = Release;
		};
		7B856B291ADA8FA600B72DE9 /* Build configuration list for PBXNativeTarget "class_function_template" */ = {
			isa = XCConfigurationList;
			buildConfigurations = (
				7B856B2A1ADA8FA600B72DE9 /* Debug */,
				7B856B2B1ADA8FA600B72DE9 /* Release */,
			);
			defaultConfigurationIsVisible = 0;
			defaultConfigurationName = Release;
		};
/* End XCConfigurationList section */
	};
	rootObject = 7B856B1A1ADA8FA600B72DE9 /* Project object */;
}
